// !$*UTF8*$!
{
	archiveVersion = 1;
	classes = {
	};
	objectVersion = 56;
	objects = {

/* Begin PBXBuildFile section */
		353E0CF82B76233300522E12 /* CustomLabel.swift in Sources */ = {isa = PBXBuildFile; fileRef = 353E0CF72B76233300522E12 /* CustomLabel.swift */; };
		354158DA2BAA32C0009BDDA9 /* WebSocketManager.swift in Sources */ = {isa = PBXBuildFile; fileRef = 354158D92BAA32C0009BDDA9 /* WebSocketManager.swift */; };
		355AFE8A2B73EAB400E8F48A /* GameScreenVC.swift in Sources */ = {isa = PBXBuildFile; fileRef = 355AFE892B73EAB400E8F48A /* GameScreenVC.swift */; };
		355AFE8C2B73EAC800E8F48A /* SettingsVC.swift in Sources */ = {isa = PBXBuildFile; fileRef = 355AFE8B2B73EAC800E8F48A /* SettingsVC.swift */; };
		355AFE8E2B73EAFB00E8F48A /* CreateGameVC.swift in Sources */ = {isa = PBXBuildFile; fileRef = 355AFE8D2B73EAFB00E8F48A /* CreateGameVC.swift */; };
		35B9829F2BACE1F500AE46D0 /* CDPiece+CoreDataClass.swift in Sources */ = {isa = PBXBuildFile; fileRef = 35B9829E2BACE1F500AE46D0 /* CDPiece+CoreDataClass.swift */; };
		35B982A12BACE20900AE46D0 /* CDPiece+Properties.swift in Sources */ = {isa = PBXBuildFile; fileRef = 35B982A02BACE20900AE46D0 /* CDPiece+Properties.swift */; };
		35B982A32BACE24700AE46D0 /* IndexPath+Extension.swift in Sources */ = {isa = PBXBuildFile; fileRef = 35B982A22BACE24700AE46D0 /* IndexPath+Extension.swift */; };
		35B982A62BACE25400AE46D0 /* Chess.xcdatamodeld in Sources */ = {isa = PBXBuildFile; fileRef = 35B982A42BACE25400AE46D0 /* Chess.xcdatamodeld */; };
		35D1C96F2B73DF950029E2A5 /* AppDelegate.swift in Sources */ = {isa = PBXBuildFile; fileRef = 35D1C96E2B73DF950029E2A5 /* AppDelegate.swift */; };
		35D1C9712B73DF950029E2A5 /* SceneDelegate.swift in Sources */ = {isa = PBXBuildFile; fileRef = 35D1C9702B73DF950029E2A5 /* SceneDelegate.swift */; };
		35D1C9732B73DF950029E2A5 /* LoginVC.swift in Sources */ = {isa = PBXBuildFile; fileRef = 35D1C9722B73DF950029E2A5 /* LoginVC.swift */; };
		35D1C9762B73DF950029E2A5 /* Main.storyboard in Resources */ = {isa = PBXBuildFile; fileRef = 35D1C9742B73DF950029E2A5 /* Main.storyboard */; };
		35D1C9782B73DF960029E2A5 /* Assets.xcassets in Resources */ = {isa = PBXBuildFile; fileRef = 35D1C9772B73DF960029E2A5 /* Assets.xcassets */; };
		35D1C97B2B73DF960029E2A5 /* LaunchScreen.storyboard in Resources */ = {isa = PBXBuildFile; fileRef = 35D1C9792B73DF960029E2A5 /* LaunchScreen.storyboard */; };
		35D1C9862B73DF960029E2A5 /* ChessTests.swift in Sources */ = {isa = PBXBuildFile; fileRef = 35D1C9852B73DF960029E2A5 /* ChessTests.swift */; };
		35D1C9902B73DF960029E2A5 /* ChessUITests.swift in Sources */ = {isa = PBXBuildFile; fileRef = 35D1C98F2B73DF960029E2A5 /* ChessUITests.swift */; };
		35D1C9922B73DF960029E2A5 /* ChessUITestsLaunchTests.swift in Sources */ = {isa = PBXBuildFile; fileRef = 35D1C9912B73DF960029E2A5 /* ChessUITestsLaunchTests.swift */; };
		35D8CD942B7AC6290026F112 /* ChessBoardVC.swift in Sources */ = {isa = PBXBuildFile; fileRef = 35D8CD932B7AC6290026F112 /* ChessBoardVC.swift */; };
		35DF6BF42B7514F200AE1312 /* CustomButton.swift in Sources */ = {isa = PBXBuildFile; fileRef = 35DF6BF32B7514F200AE1312 /* CustomButton.swift */; };
		35DF6BF62B75172B00AE1312 /* ChessBoardCell.swift in Sources */ = {isa = PBXBuildFile; fileRef = 35DF6BF52B75172B00AE1312 /* ChessBoardCell.swift */; };
		35DF6BFA2B7517A800AE1312 /* UIView+Extensions.swift in Sources */ = {isa = PBXBuildFile; fileRef = 35DF6BF92B7517A800AE1312 /* UIView+Extensions.swift */; };
		35DF6BFD2B7517EE00AE1312 /* LayoutManager.swift in Sources */ = {isa = PBXBuildFile; fileRef = 35DF6BFC2B7517EE00AE1312 /* LayoutManager.swift */; };
		35DF6BFF2B75184200AE1312 /* ProfileCard.swift in Sources */ = {isa = PBXBuildFile; fileRef = 35DF6BFE2B75184200AE1312 /* ProfileCard.swift */; };
		35DF6C012B752B7500AE1312 /* ColorFont+Extension.swift in Sources */ = {isa = PBXBuildFile; fileRef = 35DF6C002B752B7500AE1312 /* ColorFont+Extension.swift */; };
		35DF6C032B7535BF00AE1312 /* ThemeManager.swift in Sources */ = {isa = PBXBuildFile; fileRef = 35DF6C022B7535BF00AE1312 /* ThemeManager.swift */; };
		35DF6C052B7536D100AE1312 /* MenuVC.swift in Sources */ = {isa = PBXBuildFile; fileRef = 35DF6C042B7536D100AE1312 /* MenuVC.swift */; };
		35DF6C072B75374D00AE1312 /* Move.swift in Sources */ = {isa = PBXBuildFile; fileRef = 35DF6C062B75374D00AE1312 /* Move.swift */; };
		35DF6C092B75375C00AE1312 /* Piece.swift in Sources */ = {isa = PBXBuildFile; fileRef = 35DF6C082B75375C00AE1312 /* Piece.swift */; };
		35DF6C0B2B75376600AE1312 /* Player.swift in Sources */ = {isa = PBXBuildFile; fileRef = 35DF6C0A2B75376600AE1312 /* Player.swift */; };
		35DF6C0D2B75378E00AE1312 /* Game.swift in Sources */ = {isa = PBXBuildFile; fileRef = 35DF6C0C2B75378E00AE1312 /* Game.swift */; };
		35DF6C0F2B75379A00AE1312 /* History.swift in Sources */ = {isa = PBXBuildFile; fileRef = 35DF6C0E2B75379A00AE1312 /* History.swift */; };
		35DF6C132B753FE000AE1312 /* Board.swift in Sources */ = {isa = PBXBuildFile; fileRef = 35DF6C122B753FE000AE1312 /* Board.swift */; };
		CCC94AB930DC5D40796F3817 /* Pods_Chess.framework in Frameworks */ = {isa = PBXBuildFile; fileRef = 17D3646D2837233C5AD61F74 /* Pods_Chess.framework */; };
/* End PBXBuildFile section */

/* Begin PBXContainerItemProxy section */
		35D1C9822B73DF960029E2A5 /* PBXContainerItemProxy */ = {
			isa = PBXContainerItemProxy;
			containerPortal = 35D1C9632B73DF950029E2A5 /* Project object */;
			proxyType = 1;
			remoteGlobalIDString = 35D1C96A2B73DF950029E2A5;
			remoteInfo = Chess;
		};
		35D1C98C2B73DF960029E2A5 /* PBXContainerItemProxy */ = {
			isa = PBXContainerItemProxy;
			containerPortal = 35D1C9632B73DF950029E2A5 /* Project object */;
			proxyType = 1;
			remoteGlobalIDString = 35D1C96A2B73DF950029E2A5;
			remoteInfo = Chess;
		};
/* End PBXContainerItemProxy section */

/* Begin PBXFileReference section */
		17D3646D2837233C5AD61F74 /* Pods_Chess.framework */ = {isa = PBXFileReference; explicitFileType = wrapper.framework; includeInIndex = 0; path = Pods_Chess.framework; sourceTree = BUILT_PRODUCTS_DIR; };
		353E0CF72B76233300522E12 /* CustomLabel.swift */ = {isa = PBXFileReference; lastKnownFileType = sourcecode.swift; path = CustomLabel.swift; sourceTree = "<group>"; };
		354158D92BAA32C0009BDDA9 /* WebSocketManager.swift */ = {isa = PBXFileReference; lastKnownFileType = sourcecode.swift; path = WebSocketManager.swift; sourceTree = "<group>"; };
		355AFE892B73EAB400E8F48A /* GameScreenVC.swift */ = {isa = PBXFileReference; lastKnownFileType = sourcecode.swift; path = GameScreenVC.swift; sourceTree = "<group>"; };
		355AFE8B2B73EAC800E8F48A /* SettingsVC.swift */ = {isa = PBXFileReference; lastKnownFileType = sourcecode.swift; path = SettingsVC.swift; sourceTree = "<group>"; };
		355AFE8D2B73EAFB00E8F48A /* CreateGameVC.swift */ = {isa = PBXFileReference; lastKnownFileType = sourcecode.swift; path = CreateGameVC.swift; sourceTree = "<group>"; };
		35B9829E2BACE1F500AE46D0 /* CDPiece+CoreDataClass.swift */ = {isa = PBXFileReference; lastKnownFileType = sourcecode.swift; path = "CDPiece+CoreDataClass.swift"; sourceTree = "<group>"; };
		35B982A02BACE20900AE46D0 /* CDPiece+Properties.swift */ = {isa = PBXFileReference; lastKnownFileType = sourcecode.swift; path = "CDPiece+Properties.swift"; sourceTree = "<group>"; };
		35B982A22BACE24700AE46D0 /* IndexPath+Extension.swift */ = {isa = PBXFileReference; lastKnownFileType = sourcecode.swift; path = "IndexPath+Extension.swift"; sourceTree = "<group>"; };
		35B982A52BACE25400AE46D0 /* Chess.xcdatamodel */ = {isa = PBXFileReference; lastKnownFileType = wrapper.xcdatamodel; path = Chess.xcdatamodel; sourceTree = "<group>"; };
		35D1C96B2B73DF950029E2A5 /* Chess.app */ = {isa = PBXFileReference; explicitFileType = wrapper.application; includeInIndex = 0; path = Chess.app; sourceTree = BUILT_PRODUCTS_DIR; };
		35D1C96E2B73DF950029E2A5 /* AppDelegate.swift */ = {isa = PBXFileReference; lastKnownFileType = sourcecode.swift; path = AppDelegate.swift; sourceTree = "<group>"; };
		35D1C9702B73DF950029E2A5 /* SceneDelegate.swift */ = {isa = PBXFileReference; lastKnownFileType = sourcecode.swift; path = SceneDelegate.swift; sourceTree = "<group>"; };
		35D1C9722B73DF950029E2A5 /* LoginVC.swift */ = {isa = PBXFileReference; lastKnownFileType = sourcecode.swift; path = LoginVC.swift; sourceTree = "<group>"; };
		35D1C9752B73DF950029E2A5 /* Base */ = {isa = PBXFileReference; lastKnownFileType = file.storyboard; name = Base; path = Base.lproj/Main.storyboard; sourceTree = "<group>"; };
		35D1C9772B73DF960029E2A5 /* Assets.xcassets */ = {isa = PBXFileReference; lastKnownFileType = folder.assetcatalog; path = Assets.xcassets; sourceTree = "<group>"; };
		35D1C97A2B73DF960029E2A5 /* Base */ = {isa = PBXFileReference; lastKnownFileType = file.storyboard; name = Base; path = Base.lproj/LaunchScreen.storyboard; sourceTree = "<group>"; };
		35D1C97C2B73DF960029E2A5 /* Info.plist */ = {isa = PBXFileReference; lastKnownFileType = text.plist.xml; path = Info.plist; sourceTree = "<group>"; };
		35D1C9812B73DF960029E2A5 /* ChessTests.xctest */ = {isa = PBXFileReference; explicitFileType = wrapper.cfbundle; includeInIndex = 0; path = ChessTests.xctest; sourceTree = BUILT_PRODUCTS_DIR; };
		35D1C9852B73DF960029E2A5 /* ChessTests.swift */ = {isa = PBXFileReference; lastKnownFileType = sourcecode.swift; path = ChessTests.swift; sourceTree = "<group>"; };
		35D1C98B2B73DF960029E2A5 /* ChessUITests.xctest */ = {isa = PBXFileReference; explicitFileType = wrapper.cfbundle; includeInIndex = 0; path = ChessUITests.xctest; sourceTree = BUILT_PRODUCTS_DIR; };
		35D1C98F2B73DF960029E2A5 /* ChessUITests.swift */ = {isa = PBXFileReference; lastKnownFileType = sourcecode.swift; path = ChessUITests.swift; sourceTree = "<group>"; };
		35D1C9912B73DF960029E2A5 /* ChessUITestsLaunchTests.swift */ = {isa = PBXFileReference; lastKnownFileType = sourcecode.swift; path = ChessUITestsLaunchTests.swift; sourceTree = "<group>"; };
		35D8CD932B7AC6290026F112 /* ChessBoardVC.swift */ = {isa = PBXFileReference; lastKnownFileType = sourcecode.swift; path = ChessBoardVC.swift; sourceTree = "<group>"; };
		35DF6BF32B7514F200AE1312 /* CustomButton.swift */ = {isa = PBXFileReference; lastKnownFileType = sourcecode.swift; path = CustomButton.swift; sourceTree = "<group>"; };
		35DF6BF52B75172B00AE1312 /* ChessBoardCell.swift */ = {isa = PBXFileReference; lastKnownFileType = sourcecode.swift; path = ChessBoardCell.swift; sourceTree = "<group>"; };
		35DF6BF92B7517A800AE1312 /* UIView+Extensions.swift */ = {isa = PBXFileReference; lastKnownFileType = sourcecode.swift; path = "UIView+Extensions.swift"; sourceTree = "<group>"; };
		35DF6BFC2B7517EE00AE1312 /* LayoutManager.swift */ = {isa = PBXFileReference; lastKnownFileType = sourcecode.swift; path = LayoutManager.swift; sourceTree = "<group>"; };
		35DF6BFE2B75184200AE1312 /* ProfileCard.swift */ = {isa = PBXFileReference; lastKnownFileType = sourcecode.swift; path = ProfileCard.swift; sourceTree = "<group>"; };
		35DF6C002B752B7500AE1312 /* ColorFont+Extension.swift */ = {isa = PBXFileReference; lastKnownFileType = sourcecode.swift; path = "ColorFont+Extension.swift"; sourceTree = "<group>"; };
		35DF6C022B7535BF00AE1312 /* ThemeManager.swift */ = {isa = PBXFileReference; lastKnownFileType = sourcecode.swift; path = ThemeManager.swift; sourceTree = "<group>"; };
		35DF6C042B7536D100AE1312 /* MenuVC.swift */ = {isa = PBXFileReference; lastKnownFileType = sourcecode.swift; path = MenuVC.swift; sourceTree = "<group>"; };
		35DF6C062B75374D00AE1312 /* Move.swift */ = {isa = PBXFileReference; lastKnownFileType = sourcecode.swift; path = Move.swift; sourceTree = "<group>"; };
		35DF6C082B75375C00AE1312 /* Piece.swift */ = {isa = PBXFileReference; lastKnownFileType = sourcecode.swift; path = Piece.swift; sourceTree = "<group>"; };
		35DF6C0A2B75376600AE1312 /* Player.swift */ = {isa = PBXFileReference; lastKnownFileType = sourcecode.swift; path = Player.swift; sourceTree = "<group>"; };
		35DF6C0C2B75378E00AE1312 /* Game.swift */ = {isa = PBXFileReference; lastKnownFileType = sourcecode.swift; path = Game.swift; sourceTree = "<group>"; };
		35DF6C0E2B75379A00AE1312 /* History.swift */ = {isa = PBXFileReference; lastKnownFileType = sourcecode.swift; path = History.swift; sourceTree = "<group>"; };
		35DF6C122B753FE000AE1312 /* Board.swift */ = {isa = PBXFileReference; lastKnownFileType = sourcecode.swift; path = Board.swift; sourceTree = "<group>"; };
		47EE62D30F4C3C62A2ED32A3 /* Pods-Chess.debug.xcconfig */ = {isa = PBXFileReference; includeInIndex = 1; lastKnownFileType = text.xcconfig; name = "Pods-Chess.debug.xcconfig"; path = "Target Support Files/Pods-Chess/Pods-Chess.debug.xcconfig"; sourceTree = "<group>"; };
		9A558EE2DADBD1390D47A22F /* Pods-Chess.release.xcconfig */ = {isa = PBXFileReference; includeInIndex = 1; lastKnownFileType = text.xcconfig; name = "Pods-Chess.release.xcconfig"; path = "Target Support Files/Pods-Chess/Pods-Chess.release.xcconfig"; sourceTree = "<group>"; };
/* End PBXFileReference section */

/* Begin PBXFrameworksBuildPhase section */
		35D1C9682B73DF950029E2A5 /* Frameworks */ = {
			isa = PBXFrameworksBuildPhase;
			buildActionMask = 2147483647;
			files = (
				CCC94AB930DC5D40796F3817 /* Pods_Chess.framework in Frameworks */,
			);
			runOnlyForDeploymentPostprocessing = 0;
		};
		35D1C97E2B73DF960029E2A5 /* Frameworks */ = {
			isa = PBXFrameworksBuildPhase;
			buildActionMask = 2147483647;
			files = (
			);
			runOnlyForDeploymentPostprocessing = 0;
		};
		35D1C9882B73DF960029E2A5 /* Frameworks */ = {
			isa = PBXFrameworksBuildPhase;
			buildActionMask = 2147483647;
			files = (
			);
			runOnlyForDeploymentPostprocessing = 0;
		};
/* End PBXFrameworksBuildPhase section */

/* Begin PBXGroup section */
		354158D82BAA1533009BDDA9 /* Utils */ = {
			isa = PBXGroup;
			children = (
				354158D92BAA32C0009BDDA9 /* WebSocketManager.swift */,
			);
			path = Utils;
			sourceTree = "<group>";
		};
		355AFE862B73E3A100E8F48A /* Model */ = {
			isa = PBXGroup;
			children = (
				35DF6C062B75374D00AE1312 /* Move.swift */,
				35DF6C122B753FE000AE1312 /* Board.swift */,
				35DF6C082B75375C00AE1312 /* Piece.swift */,
				35DF6C0A2B75376600AE1312 /* Player.swift */,
				35DF6C0E2B75379A00AE1312 /* History.swift */,
				35DF6C0C2B75378E00AE1312 /* Game.swift */,
				35B9829E2BACE1F500AE46D0 /* CDPiece+CoreDataClass.swift */,
				35B982A02BACE20900AE46D0 /* CDPiece+Properties.swift */,
				35B982A42BACE25400AE46D0 /* Chess.xcdatamodeld */,
			);
			path = Model;
			sourceTree = "<group>";
		};
		355AFE872B73E3AF00E8F48A /* View */ = {
			isa = PBXGroup;
			children = (
				35DF6BF72B75173D00AE1312 /* Components */,
				35DF6BFB2B7517DA00AE1312 /* Manager */,
				35DF6BF82B75174A00AE1312 /* Extensions */,
			);
			path = View;
			sourceTree = "<group>";
		};
		355AFE882B73E3C500E8F48A /* Controller */ = {
			isa = PBXGroup;
			children = (
				35D1C9722B73DF950029E2A5 /* LoginVC.swift */,
				355AFE892B73EAB400E8F48A /* GameScreenVC.swift */,
				35D8CD932B7AC6290026F112 /* ChessBoardVC.swift */,
				355AFE8B2B73EAC800E8F48A /* SettingsVC.swift */,
				355AFE8D2B73EAFB00E8F48A /* CreateGameVC.swift */,
				35DF6C042B7536D100AE1312 /* MenuVC.swift */,
			);
			path = Controller;
			sourceTree = "<group>";
		};
		35D1C9622B73DF950029E2A5 = {
			isa = PBXGroup;
			children = (
				35D1C96D2B73DF950029E2A5 /* Chess */,
				35D1C9842B73DF960029E2A5 /* ChessTests */,
				35D1C98E2B73DF960029E2A5 /* ChessUITests */,
				35D1C96C2B73DF950029E2A5 /* Products */,
				45B36FAA5D839E99E571774A /* Pods */,
				8CF9765386980CAD22BB2046 /* Frameworks */,
			);
			sourceTree = "<group>";
		};
		35D1C96C2B73DF950029E2A5 /* Products */ = {
			isa = PBXGroup;
			children = (
				35D1C96B2B73DF950029E2A5 /* Chess.app */,
				35D1C9812B73DF960029E2A5 /* ChessTests.xctest */,
				35D1C98B2B73DF960029E2A5 /* ChessUITests.xctest */,
			);
			name = Products;
			sourceTree = "<group>";
		};
		35D1C96D2B73DF950029E2A5 /* Chess */ = {
			isa = PBXGroup;
			children = (
				355AFE882B73E3C500E8F48A /* Controller */,
				355AFE872B73E3AF00E8F48A /* View */,
				355AFE862B73E3A100E8F48A /* Model */,
				354158D82BAA1533009BDDA9 /* Utils */,
				35D1C9742B73DF950029E2A5 /* Main.storyboard */,
				35D1C9702B73DF950029E2A5 /* SceneDelegate.swift */,
				35D1C96E2B73DF950029E2A5 /* AppDelegate.swift */,
				35D1C9772B73DF960029E2A5 /* Assets.xcassets */,
				35D1C9792B73DF960029E2A5 /* LaunchScreen.storyboard */,
				35D1C97C2B73DF960029E2A5 /* Info.plist */,
			);
			path = Chess;
			sourceTree = "<group>";
		};
		35D1C9842B73DF960029E2A5 /* ChessTests */ = {
			isa = PBXGroup;
			children = (
				35D1C9852B73DF960029E2A5 /* ChessTests.swift */,
			);
			path = ChessTests;
			sourceTree = "<group>";
		};
		35D1C98E2B73DF960029E2A5 /* ChessUITests */ = {
			isa = PBXGroup;
			children = (
				35D1C98F2B73DF960029E2A5 /* ChessUITests.swift */,
				35D1C9912B73DF960029E2A5 /* ChessUITestsLaunchTests.swift */,
			);
			path = ChessUITests;
			sourceTree = "<group>";
		};
		35DF6BF72B75173D00AE1312 /* Components */ = {
			isa = PBXGroup;
			children = (
				35DF6BF52B75172B00AE1312 /* ChessBoardCell.swift */,
				35DF6BF32B7514F200AE1312 /* CustomButton.swift */,
				353E0CF72B76233300522E12 /* CustomLabel.swift */,
				35DF6BFE2B75184200AE1312 /* ProfileCard.swift */,
			);
			path = Components;
			sourceTree = "<group>";
		};
		35DF6BF82B75174A00AE1312 /* Extensions */ = {
			isa = PBXGroup;
			children = (
				35DF6BF92B7517A800AE1312 /* UIView+Extensions.swift */,
				35DF6C002B752B7500AE1312 /* ColorFont+Extension.swift */,
				35B982A22BACE24700AE46D0 /* IndexPath+Extension.swift */,
			);
			path = Extensions;
			sourceTree = "<group>";
		};
		35DF6BFB2B7517DA00AE1312 /* Manager */ = {
			isa = PBXGroup;
			children = (
				35DF6BFC2B7517EE00AE1312 /* LayoutManager.swift */,
				35DF6C022B7535BF00AE1312 /* ThemeManager.swift */,
			);
			path = Manager;
			sourceTree = "<group>";
		};
		45B36FAA5D839E99E571774A /* Pods */ = {
			isa = PBXGroup;
			children = (
				47EE62D30F4C3C62A2ED32A3 /* Pods-Chess.debug.xcconfig */,
				9A558EE2DADBD1390D47A22F /* Pods-Chess.release.xcconfig */,
			);
			path = Pods;
			sourceTree = "<group>";
		};
		8CF9765386980CAD22BB2046 /* Frameworks */ = {
			isa = PBXGroup;
			children = (
				17D3646D2837233C5AD61F74 /* Pods_Chess.framework */,
			);
			name = Frameworks;
			sourceTree = "<group>";
		};
/* End PBXGroup section */

/* Begin PBXNativeTarget section */
		35D1C96A2B73DF950029E2A5 /* Chess */ = {
			isa = PBXNativeTarget;
			buildConfigurationList = 35D1C9952B73DF960029E2A5 /* Build configuration list for PBXNativeTarget "Chess" */;
			buildPhases = (
				EDE6B87F198974EC196D0064 /* [CP] Check Pods Manifest.lock */,
				35D1C9672B73DF950029E2A5 /* Sources */,
				35D1C9682B73DF950029E2A5 /* Frameworks */,
				35D1C9692B73DF950029E2A5 /* Resources */,
				BB7F9087152A188D03D2C552 /* [CP] Embed Pods Frameworks */,
			);
			buildRules = (
			);
			dependencies = (
			);
			name = Chess;
			productName = Chess;
			productReference = 35D1C96B2B73DF950029E2A5 /* Chess.app */;
			productType = "com.apple.product-type.application";
		};
		35D1C9802B73DF960029E2A5 /* ChessTests */ = {
			isa = PBXNativeTarget;
			buildConfigurationList = 35D1C9982B73DF960029E2A5 /* Build configuration list for PBXNativeTarget "ChessTests" */;
			buildPhases = (
				35D1C97D2B73DF960029E2A5 /* Sources */,
				35D1C97E2B73DF960029E2A5 /* Frameworks */,
				35D1C97F2B73DF960029E2A5 /* Resources */,
			);
			buildRules = (
			);
			dependencies = (
				35D1C9832B73DF960029E2A5 /* PBXTargetDependency */,
			);
			name = ChessTests;
			productName = ChessTests;
			productReference = 35D1C9812B73DF960029E2A5 /* ChessTests.xctest */;
			productType = "com.apple.product-type.bundle.unit-test";
		};
		35D1C98A2B73DF960029E2A5 /* ChessUITests */ = {
			isa = PBXNativeTarget;
			buildConfigurationList = 35D1C99B2B73DF960029E2A5 /* Build configuration list for PBXNativeTarget "ChessUITests" */;
			buildPhases = (
				35D1C9872B73DF960029E2A5 /* Sources */,
				35D1C9882B73DF960029E2A5 /* Frameworks */,
				35D1C9892B73DF960029E2A5 /* Resources */,
			);
			buildRules = (
			);
			dependencies = (
				35D1C98D2B73DF960029E2A5 /* PBXTargetDependency */,
			);
			name = ChessUITests;
			productName = ChessUITests;
			productReference = 35D1C98B2B73DF960029E2A5 /* ChessUITests.xctest */;
			productType = "com.apple.product-type.bundle.ui-testing";
		};
/* End PBXNativeTarget section */

/* Begin PBXProject section */
		35D1C9632B73DF950029E2A5 /* Project object */ = {
			isa = PBXProject;
			attributes = {
				BuildIndependentTargetsInParallel = 1;
				LastSwiftUpdateCheck = 1510;
				LastUpgradeCheck = 1510;
				TargetAttributes = {
					35D1C96A2B73DF950029E2A5 = {
						CreatedOnToolsVersion = 15.1;
					};
					35D1C9802B73DF960029E2A5 = {
						CreatedOnToolsVersion = 15.1;
						TestTargetID = 35D1C96A2B73DF950029E2A5;
					};
					35D1C98A2B73DF960029E2A5 = {
						CreatedOnToolsVersion = 15.1;
						TestTargetID = 35D1C96A2B73DF950029E2A5;
					};
				};
			};
			buildConfigurationList = 35D1C9662B73DF950029E2A5 /* Build configuration list for PBXProject "Chess" */;
			compatibilityVersion = "Xcode 14.0";
			developmentRegion = en;
			hasScannedForEncodings = 0;
			knownRegions = (
				en,
				Base,
			);
			mainGroup = 35D1C9622B73DF950029E2A5;
			productRefGroup = 35D1C96C2B73DF950029E2A5 /* Products */;
			projectDirPath = "";
			projectRoot = "";
			targets = (
				35D1C96A2B73DF950029E2A5 /* Chess */,
				35D1C9802B73DF960029E2A5 /* ChessTests */,
				35D1C98A2B73DF960029E2A5 /* ChessUITests */,
			);
		};
/* End PBXProject section */

/* Begin PBXResourcesBuildPhase section */
		35D1C9692B73DF950029E2A5 /* Resources */ = {
			isa = PBXResourcesBuildPhase;
			buildActionMask = 2147483647;
			files = (
				35D1C97B2B73DF960029E2A5 /* LaunchScreen.storyboard in Resources */,
				35D1C9782B73DF960029E2A5 /* Assets.xcassets in Resources */,
				35D1C9762B73DF950029E2A5 /* Main.storyboard in Resources */,
			);
			runOnlyForDeploymentPostprocessing = 0;
		};
		35D1C97F2B73DF960029E2A5 /* Resources */ = {
			isa = PBXResourcesBuildPhase;
			buildActionMask = 2147483647;
			files = (
			);
			runOnlyForDeploymentPostprocessing = 0;
		};
		35D1C9892B73DF960029E2A5 /* Resources */ = {
			isa = PBXResourcesBuildPhase;
			buildActionMask = 2147483647;
			files = (
			);
			runOnlyForDeploymentPostprocessing = 0;
		};
/* End PBXResourcesBuildPhase section */

/* Begin PBXShellScriptBuildPhase section */
		BB7F9087152A188D03D2C552 /* [CP] Embed Pods Frameworks */ = {
			isa = PBXShellScriptBuildPhase;
			buildActionMask = 2147483647;
			files = (
			);
			inputFileListPaths = (
				"${PODS_ROOT}/Target Support Files/Pods-Chess/Pods-Chess-frameworks-${CONFIGURATION}-input-files.xcfilelist",
			);
			name = "[CP] Embed Pods Frameworks";
			outputFileListPaths = (
				"${PODS_ROOT}/Target Support Files/Pods-Chess/Pods-Chess-frameworks-${CONFIGURATION}-output-files.xcfilelist",
			);
			runOnlyForDeploymentPostprocessing = 0;
			shellPath = /bin/sh;
			shellScript = "\"${PODS_ROOT}/Target Support Files/Pods-Chess/Pods-Chess-frameworks.sh\"\n";
			showEnvVarsInLog = 0;
		};
		EDE6B87F198974EC196D0064 /* [CP] Check Pods Manifest.lock */ = {
			isa = PBXShellScriptBuildPhase;
			buildActionMask = 2147483647;
			files = (
			);
			inputFileListPaths = (
			);
			inputPaths = (
				"${PODS_PODFILE_DIR_PATH}/Podfile.lock",
				"${PODS_ROOT}/Manifest.lock",
			);
			name = "[CP] Check Pods Manifest.lock";
			outputFileListPaths = (
			);
			outputPaths = (
				"$(DERIVED_FILE_DIR)/Pods-Chess-checkManifestLockResult.txt",
			);
			runOnlyForDeploymentPostprocessing = 0;
			shellPath = /bin/sh;
			shellScript = "diff \"${PODS_PODFILE_DIR_PATH}/Podfile.lock\" \"${PODS_ROOT}/Manifest.lock\" > /dev/null\nif [ $? != 0 ] ; then\n    # print error to STDERR\n    echo \"error: The sandbox is not in sync with the Podfile.lock. Run 'pod install' or update your CocoaPods installation.\" >&2\n    exit 1\nfi\n# This output is used by Xcode 'outputs' to avoid re-running this script phase.\necho \"SUCCESS\" > \"${SCRIPT_OUTPUT_FILE_0}\"\n";
			showEnvVarsInLog = 0;
		};
/* End PBXShellScriptBuildPhase section */

/* Begin PBXSourcesBuildPhase section */
		35D1C9672B73DF950029E2A5 /* Sources */ = {
			isa = PBXSourcesBuildPhase;
			buildActionMask = 2147483647;
			files = (
				355AFE8A2B73EAB400E8F48A /* GameScreenVC.swift in Sources */,
				35DF6C0D2B75378E00AE1312 /* Game.swift in Sources */,
				35D8CD942B7AC6290026F112 /* ChessBoardVC.swift in Sources */,
				35DF6C0F2B75379A00AE1312 /* History.swift in Sources */,
				35DF6BFD2B7517EE00AE1312 /* LayoutManager.swift in Sources */,
				35D1C9732B73DF950029E2A5 /* LoginVC.swift in Sources */,
				35DF6C052B7536D100AE1312 /* MenuVC.swift in Sources */,
				35B9829F2BACE1F500AE46D0 /* CDPiece+CoreDataClass.swift in Sources */,
				355AFE8E2B73EAFB00E8F48A /* CreateGameVC.swift in Sources */,
				35DF6BFA2B7517A800AE1312 /* UIView+Extensions.swift in Sources */,
				35DF6BF62B75172B00AE1312 /* ChessBoardCell.swift in Sources */,
				35B982A32BACE24700AE46D0 /* IndexPath+Extension.swift in Sources */,
				35DF6C032B7535BF00AE1312 /* ThemeManager.swift in Sources */,
				35B982A12BACE20900AE46D0 /* CDPiece+Properties.swift in Sources */,
				35DF6C132B753FE000AE1312 /* Board.swift in Sources */,
				35D1C96F2B73DF950029E2A5 /* AppDelegate.swift in Sources */,
				353E0CF82B76233300522E12 /* CustomLabel.swift in Sources */,
				35DF6BF42B7514F200AE1312 /* CustomButton.swift in Sources */,
				35DF6C072B75374D00AE1312 /* Move.swift in Sources */,
				35DF6BFF2B75184200AE1312 /* ProfileCard.swift in Sources */,
				35DF6C092B75375C00AE1312 /* Piece.swift in Sources */,
				35D1C9712B73DF950029E2A5 /* SceneDelegate.swift in Sources */,
				35B982A62BACE25400AE46D0 /* Chess.xcdatamodeld in Sources */,
				355AFE8C2B73EAC800E8F48A /* SettingsVC.swift in Sources */,
				35DF6C0B2B75376600AE1312 /* Player.swift in Sources */,
				354158DA2BAA32C0009BDDA9 /* WebSocketManager.swift in Sources */,
				35DF6C012B752B7500AE1312 /* ColorFont+Extension.swift in Sources */,
			);
			runOnlyForDeploymentPostprocessing = 0;
		};
		35D1C97D2B73DF960029E2A5 /* Sources */ = {
			isa = PBXSourcesBuildPhase;
			buildActionMask = 2147483647;
			files = (
				35D1C9862B73DF960029E2A5 /* ChessTests.swift in Sources */,
			);
			runOnlyForDeploymentPostprocessing = 0;
		};
		35D1C9872B73DF960029E2A5 /* Sources */ = {
			isa = PBXSourcesBuildPhase;
			buildActionMask = 2147483647;
			files = (
				35D1C9902B73DF960029E2A5 /* ChessUITests.swift in Sources */,
				35D1C9922B73DF960029E2A5 /* ChessUITestsLaunchTests.swift in Sources */,
			);
			runOnlyForDeploymentPostprocessing = 0;
		};
/* End PBXSourcesBuildPhase section */

/* Begin PBXTargetDependency section */
		35D1C9832B73DF960029E2A5 /* PBXTargetDependency */ = {
			isa = PBXTargetDependency;
			target = 35D1C96A2B73DF950029E2A5 /* Chess */;
			targetProxy = 35D1C9822B73DF960029E2A5 /* PBXContainerItemProxy */;
		};
		35D1C98D2B73DF960029E2A5 /* PBXTargetDependency */ = {
			isa = PBXTargetDependency;
			target = 35D1C96A2B73DF950029E2A5 /* Chess */;
			targetProxy = 35D1C98C2B73DF960029E2A5 /* PBXContainerItemProxy */;
		};
/* End PBXTargetDependency section */

/* Begin PBXVariantGroup section */
		35D1C9742B73DF950029E2A5 /* Main.storyboard */ = {
			isa = PBXVariantGroup;
			children = (
				35D1C9752B73DF950029E2A5 /* Base */,
			);
			name = Main.storyboard;
			sourceTree = "<group>";
		};
		35D1C9792B73DF960029E2A5 /* LaunchScreen.storyboard */ = {
			isa = PBXVariantGroup;
			children = (
				35D1C97A2B73DF960029E2A5 /* Base */,
			);
			name = LaunchScreen.storyboard;
			sourceTree = "<group>";
		};
/* End PBXVariantGroup section */

/* Begin XCBuildConfiguration section */
		35D1C9932B73DF960029E2A5 /* Debug */ = {
			isa = XCBuildConfiguration;
			buildSettings = {
				ALWAYS_SEARCH_USER_PATHS = NO;
				ASSETCATALOG_COMPILER_GENERATE_SWIFT_ASSET_SYMBOL_EXTENSIONS = YES;
				CLANG_ANALYZER_NONNULL = YES;
				CLANG_ANALYZER_NUMBER_OBJECT_CONVERSION = YES_AGGRESSIVE;
				CLANG_CXX_LANGUAGE_STANDARD = "gnu++20";
				CLANG_ENABLE_MODULES = YES;
				CLANG_ENABLE_OBJC_ARC = YES;
				CLANG_ENABLE_OBJC_WEAK = YES;
				CLANG_WARN_BLOCK_CAPTURE_AUTORELEASING = YES;
				CLANG_WARN_BOOL_CONVERSION = YES;
				CLANG_WARN_COMMA = YES;
				CLANG_WARN_CONSTANT_CONVERSION = YES;
				CLANG_WARN_DEPRECATED_OBJC_IMPLEMENTATIONS = YES;
				CLANG_WARN_DIRECT_OBJC_ISA_USAGE = YES_ERROR;
				CLANG_WARN_DOCUMENTATION_COMMENTS = YES;
				CLANG_WARN_EMPTY_BODY = YES;
				CLANG_WARN_ENUM_CONVERSION = YES;
				CLANG_WARN_INFINITE_RECURSION = YES;
				CLANG_WARN_INT_CONVERSION = YES;
				CLANG_WARN_NON_LITERAL_NULL_CONVERSION = YES;
				CLANG_WARN_OBJC_IMPLICIT_RETAIN_SELF = YES;
				CLANG_WARN_OBJC_LITERAL_CONVERSION = YES;
				CLANG_WARN_OBJC_ROOT_CLASS = YES_ERROR;
				CLANG_WARN_QUOTED_INCLUDE_IN_FRAMEWORK_HEADER = YES;
				CLANG_WARN_RANGE_LOOP_ANALYSIS = YES;
				CLANG_WARN_STRICT_PROTOTYPES = YES;
				CLANG_WARN_SUSPICIOUS_MOVE = YES;
				CLANG_WARN_UNGUARDED_AVAILABILITY = YES_AGGRESSIVE;
				CLANG_WARN_UNREACHABLE_CODE = YES;
				CLANG_WARN__DUPLICATE_METHOD_MATCH = YES;
				COPY_PHASE_STRIP = NO;
				DEBUG_INFORMATION_FORMAT = dwarf;
				ENABLE_STRICT_OBJC_MSGSEND = YES;
				ENABLE_TESTABILITY = YES;
				ENABLE_USER_SCRIPT_SANDBOXING = YES;
				GCC_C_LANGUAGE_STANDARD = gnu17;
				GCC_DYNAMIC_NO_PIC = NO;
				GCC_NO_COMMON_BLOCKS = YES;
				GCC_OPTIMIZATION_LEVEL = 0;
				GCC_PREPROCESSOR_DEFINITIONS = (
					"DEBUG=1",
					"$(inherited)",
				);
				GCC_WARN_64_TO_32_BIT_CONVERSION = YES;
				GCC_WARN_ABOUT_RETURN_TYPE = YES_ERROR;
				GCC_WARN_UNDECLARED_SELECTOR = YES;
				GCC_WARN_UNINITIALIZED_AUTOS = YES_AGGRESSIVE;
				GCC_WARN_UNUSED_FUNCTION = YES;
				GCC_WARN_UNUSED_VARIABLE = YES;
				IPHONEOS_DEPLOYMENT_TARGET = 17.2;
				LOCALIZATION_PREFERS_STRING_CATALOGS = YES;
				MTL_ENABLE_DEBUG_INFO = INCLUDE_SOURCE;
				MTL_FAST_MATH = YES;
				ONLY_ACTIVE_ARCH = YES;
				SDKROOT = iphoneos;
				SWIFT_ACTIVE_COMPILATION_CONDITIONS = "DEBUG $(inherited)";
				SWIFT_OPTIMIZATION_LEVEL = "-Onone";
			};
			name = Debug;
		};
		35D1C9942B73DF960029E2A5 /* Release */ = {
			isa = XCBuildConfiguration;
			buildSettings = {
				ALWAYS_SEARCH_USER_PATHS = NO;
				ASSETCATALOG_COMPILER_GENERATE_SWIFT_ASSET_SYMBOL_EXTENSIONS = YES;
				CLANG_ANALYZER_NONNULL = YES;
				CLANG_ANALYZER_NUMBER_OBJECT_CONVERSION = YES_AGGRESSIVE;
				CLANG_CXX_LANGUAGE_STANDARD = "gnu++20";
				CLANG_ENABLE_MODULES = YES;
				CLANG_ENABLE_OBJC_ARC = YES;
				CLANG_ENABLE_OBJC_WEAK = YES;
				CLANG_WARN_BLOCK_CAPTURE_AUTORELEASING = YES;
				CLANG_WARN_BOOL_CONVERSION = YES;
				CLANG_WARN_COMMA = YES;
				CLANG_WARN_CONSTANT_CONVERSION = YES;
				CLANG_WARN_DEPRECATED_OBJC_IMPLEMENTATIONS = YES;
				CLANG_WARN_DIRECT_OBJC_ISA_USAGE = YES_ERROR;
				CLANG_WARN_DOCUMENTATION_COMMENTS = YES;
				CLANG_WARN_EMPTY_BODY = YES;
				CLANG_WARN_ENUM_CONVERSION = YES;
				CLANG_WARN_INFINITE_RECURSION = YES;
				CLANG_WARN_INT_CONVERSION = YES;
				CLANG_WARN_NON_LITERAL_NULL_CONVERSION = YES;
				CLANG_WARN_OBJC_IMPLICIT_RETAIN_SELF = YES;
				CLANG_WARN_OBJC_LITERAL_CONVERSION = YES;
				CLANG_WARN_OBJC_ROOT_CLASS = YES_ERROR;
				CLANG_WARN_QUOTED_INCLUDE_IN_FRAMEWORK_HEADER = YES;
				CLANG_WARN_RANGE_LOOP_ANALYSIS = YES;
				CLANG_WARN_STRICT_PROTOTYPES = YES;
				CLANG_WARN_SUSPICIOUS_MOVE = YES;
				CLANG_WARN_UNGUARDED_AVAILABILITY = YES_AGGRESSIVE;
				CLANG_WARN_UNREACHABLE_CODE = YES;
				CLANG_WARN__DUPLICATE_METHOD_MATCH = YES;
				COPY_PHASE_STRIP = NO;
				DEBUG_INFORMATION_FORMAT = "dwarf-with-dsym";
				ENABLE_NS_ASSERTIONS = NO;
				ENABLE_STRICT_OBJC_MSGSEND = YES;
				ENABLE_USER_SCRIPT_SANDBOXING = YES;
				GCC_C_LANGUAGE_STANDARD = gnu17;
				GCC_NO_COMMON_BLOCKS = YES;
				GCC_WARN_64_TO_32_BIT_CONVERSION = YES;
				GCC_WARN_ABOUT_RETURN_TYPE = YES_ERROR;
				GCC_WARN_UNDECLARED_SELECTOR = YES;
				GCC_WARN_UNINITIALIZED_AUTOS = YES_AGGRESSIVE;
				GCC_WARN_UNUSED_FUNCTION = YES;
				GCC_WARN_UNUSED_VARIABLE = YES;
				IPHONEOS_DEPLOYMENT_TARGET = 17.2;
				LOCALIZATION_PREFERS_STRING_CATALOGS = YES;
				MTL_ENABLE_DEBUG_INFO = NO;
				MTL_FAST_MATH = YES;
				SDKROOT = iphoneos;
				SWIFT_COMPILATION_MODE = wholemodule;
				VALIDATE_PRODUCT = YES;
			};
			name = Release;
		};
		35D1C9962B73DF960029E2A5 /* Debug */ = {
			isa = XCBuildConfiguration;
			baseConfigurationReference = 47EE62D30F4C3C62A2ED32A3 /* Pods-Chess.debug.xcconfig */;
			buildSettings = {
				ASSETCATALOG_COMPILER_APPICON_NAME = AppIcon;
				ASSETCATALOG_COMPILER_GLOBAL_ACCENT_COLOR_NAME = AccentColor;
				CODE_SIGN_STYLE = Automatic;
				CURRENT_PROJECT_VERSION = 1;
				DEVELOPMENT_TEAM = UZWFQJ3AAN;
				ENABLE_USER_SCRIPT_SANDBOXING = NO;
				GENERATE_INFOPLIST_FILE = YES;
				INFOPLIST_FILE = Chess/Info.plist;
				INFOPLIST_KEY_UIApplicationSupportsIndirectInputEvents = YES;
				INFOPLIST_KEY_UILaunchStoryboardName = LaunchScreen;
				INFOPLIST_KEY_UIMainStoryboardFile = Main;
				INFOPLIST_KEY_UISupportedInterfaceOrientations_iPad = "UIInterfaceOrientationPortrait UIInterfaceOrientationPortraitUpsideDown UIInterfaceOrientationLandscapeLeft UIInterfaceOrientationLandscapeRight";
				INFOPLIST_KEY_UISupportedInterfaceOrientations_iPhone = "UIInterfaceOrientationPortrait UIInterfaceOrientationLandscapeLeft UIInterfaceOrientationLandscapeRight";
				LD_RUNPATH_SEARCH_PATHS = (
					"$(inherited)",
					"@executable_path/Frameworks",
				);
				MARKETING_VERSION = 1.0;
				PRODUCT_BUNDLE_IDENTIFIER = com.metevesek.Chess;
				PRODUCT_NAME = "$(TARGET_NAME)";
				SWIFT_EMIT_LOC_STRINGS = YES;
				SWIFT_VERSION = 5.0;
				TARGETED_DEVICE_FAMILY = "1,2";
			};
			name = Debug;
		};
		35D1C9972B73DF960029E2A5 /* Release */ = {
			isa = XCBuildConfiguration;
			baseConfigurationReference = 9A558EE2DADBD1390D47A22F /* Pods-Chess.release.xcconfig */;
			buildSettings = {
				ASSETCATALOG_COMPILER_APPICON_NAME = AppIcon;
				ASSETCATALOG_COMPILER_GLOBAL_ACCENT_COLOR_NAME = AccentColor;
				CODE_SIGN_STYLE = Automatic;
				CURRENT_PROJECT_VERSION = 1;
				DEVELOPMENT_TEAM = UZWFQJ3AAN;
				ENABLE_USER_SCRIPT_SANDBOXING = NO;
				GENERATE_INFOPLIST_FILE = YES;
				INFOPLIST_FILE = Chess/Info.plist;
				INFOPLIST_KEY_UIApplicationSupportsIndirectInputEvents = YES;
				INFOPLIST_KEY_UILaunchStoryboardName = LaunchScreen;
				INFOPLIST_KEY_UIMainStoryboardFile = Main;
				INFOPLIST_KEY_UISupportedInterfaceOrientations_iPad = "UIInterfaceOrientationPortrait UIInterfaceOrientationPortraitUpsideDown UIInterfaceOrientationLandscapeLeft UIInterfaceOrientationLandscapeRight";
				INFOPLIST_KEY_UISupportedInterfaceOrientations_iPhone = "UIInterfaceOrientationPortrait UIInterfaceOrientationLandscapeLeft UIInterfaceOrientationLandscapeRight";
				LD_RUNPATH_SEARCH_PATHS = (
					"$(inherited)",
					"@executable_path/Frameworks",
				);
				MARKETING_VERSION = 1.0;
				PRODUCT_BUNDLE_IDENTIFIER = com.metevesek.Chess;
				PRODUCT_NAME = "$(TARGET_NAME)";
				SWIFT_EMIT_LOC_STRINGS = YES;
				SWIFT_VERSION = 5.0;
				TARGETED_DEVICE_FAMILY = "1,2";
			};
			name = Release;
		};
		35D1C9992B73DF960029E2A5 /* Debug */ = {
			isa = XCBuildConfiguration;
			buildSettings = {
				ALWAYS_EMBED_SWIFT_STANDARD_LIBRARIES = YES;
				BUNDLE_LOADER = "$(TEST_HOST)";
				CODE_SIGN_STYLE = Automatic;
				CURRENT_PROJECT_VERSION = 1;
				DEVELOPMENT_TEAM = UZWFQJ3AAN;
				GENERATE_INFOPLIST_FILE = YES;
				IPHONEOS_DEPLOYMENT_TARGET = 17.2;
				MARKETING_VERSION = 1.0;
				PRODUCT_BUNDLE_IDENTIFIER = com.metevesek.ChessTests;
				PRODUCT_NAME = "$(TARGET_NAME)";
				SWIFT_EMIT_LOC_STRINGS = NO;
				SWIFT_VERSION = 5.0;
				TARGETED_DEVICE_FAMILY = "1,2";
				TEST_HOST = "$(BUILT_PRODUCTS_DIR)/Chess.app/$(BUNDLE_EXECUTABLE_FOLDER_PATH)/Chess";
			};
			name = Debug;
		};
		35D1C99A2B73DF960029E2A5 /* Release */ = {
			isa = XCBuildConfiguration;
			buildSettings = {
				ALWAYS_EMBED_SWIFT_STANDARD_LIBRARIES = YES;
				BUNDLE_LOADER = "$(TEST_HOST)";
				CODE_SIGN_STYLE = Automatic;
				CURRENT_PROJECT_VERSION = 1;
				DEVELOPMENT_TEAM = UZWFQJ3AAN;
				GENERATE_INFOPLIST_FILE = YES;
				IPHONEOS_DEPLOYMENT_TARGET = 17.2;
				MARKETING_VERSION = 1.0;
				PRODUCT_BUNDLE_IDENTIFIER = com.metevesek.ChessTests;
				PRODUCT_NAME = "$(TARGET_NAME)";
				SWIFT_EMIT_LOC_STRINGS = NO;
				SWIFT_VERSION = 5.0;
				TARGETED_DEVICE_FAMILY = "1,2";
				TEST_HOST = "$(BUILT_PRODUCTS_DIR)/Chess.app/$(BUNDLE_EXECUTABLE_FOLDER_PATH)/Chess";
			};
			name = Release;
		};
		35D1C99C2B73DF960029E2A5 /* Debug */ = {
			isa = XCBuildConfiguration;
			buildSettings = {
				ALWAYS_EMBED_SWIFT_STANDARD_LIBRARIES = YES;
				CODE_SIGN_STYLE = Automatic;
				CURRENT_PROJECT_VERSION = 1;
				DEVELOPMENT_TEAM = UZWFQJ3AAN;
				GENERATE_INFOPLIST_FILE = YES;
				MARKETING_VERSION = 1.0;
				PRODUCT_BUNDLE_IDENTIFIER = com.metevesek.ChessUITests;
				PRODUCT_NAME = "$(TARGET_NAME)";
				SWIFT_EMIT_LOC_STRINGS = NO;
				SWIFT_VERSION = 5.0;
				TARGETED_DEVICE_FAMILY = "1,2";
				TEST_TARGET_NAME = Chess;
			};
			name = Debug;
		};
		35D1C99D2B73DF960029E2A5 /* Release */ = {
			isa = XCBuildConfiguration;
			buildSettings = {
				ALWAYS_EMBED_SWIFT_STANDARD_LIBRARIES = YES;
				CODE_SIGN_STYLE = Automatic;
				CURRENT_PROJECT_VERSION = 1;
				DEVELOPMENT_TEAM = UZWFQJ3AAN;
				GENERATE_INFOPLIST_FILE = YES;
				MARKETING_VERSION = 1.0;
				PRODUCT_BUNDLE_IDENTIFIER = com.metevesek.ChessUITests;
				PRODUCT_NAME = "$(TARGET_NAME)";
				SWIFT_EMIT_LOC_STRINGS = NO;
				SWIFT_VERSION = 5.0;
				TARGETED_DEVICE_FAMILY = "1,2";
				TEST_TARGET_NAME = Chess;
			};
			name = Release;
		};
/* End XCBuildConfiguration section */

/* Begin XCConfigurationList section */
		35D1C9662B73DF950029E2A5 /* Build configuration list for PBXProject "Chess" */ = {
			isa = XCConfigurationList;
			buildConfigurations = (
				35D1C9932B73DF960029E2A5 /* Debug */,
				35D1C9942B73DF960029E2A5 /* Release */,
			);
			defaultConfigurationIsVisible = 0;
			defaultConfigurationName = Release;
		};
		35D1C9952B73DF960029E2A5 /* Build configuration list for PBXNativeTarget "Chess" */ = {
			isa = XCConfigurationList;
			buildConfigurations = (
				35D1C9962B73DF960029E2A5 /* Debug */,
				35D1C9972B73DF960029E2A5 /* Release */,
			);
			defaultConfigurationIsVisible = 0;
			defaultConfigurationName = Release;
		};
		35D1C9982B73DF960029E2A5 /* Build configuration list for PBXNativeTarget "ChessTests" */ = {
			isa = XCConfigurationList;
			buildConfigurations = (
				35D1C9992B73DF960029E2A5 /* Debug */,
				35D1C99A2B73DF960029E2A5 /* Release */,
			);
			defaultConfigurationIsVisible = 0;
			defaultConfigurationName = Release;
		};
		35D1C99B2B73DF960029E2A5 /* Build configuration list for PBXNativeTarget "ChessUITests" */ = {
			isa = XCConfigurationList;
			buildConfigurations = (
				35D1C99C2B73DF960029E2A5 /* Debug */,
				35D1C99D2B73DF960029E2A5 /* Release */,
			);
			defaultConfigurationIsVisible = 0;
			defaultConfigurationName = Release;
		};
/* End XCConfigurationList section */

/* Begin XCVersionGroup section */
		35B982A42BACE25400AE46D0 /* Chess.xcdatamodeld */ = {
			isa = XCVersionGroup;
			children = (
				35B982A52BACE25400AE46D0 /* Chess.xcdatamodel */,
			);
			currentVersion = 35B982A52BACE25400AE46D0 /* Chess.xcdatamodel */;
			path = Chess.xcdatamodeld;
			sourceTree = "<group>";
			versionGroupType = wrapper.xcdatamodel;
		};
/* End XCVersionGroup section */
	};
	rootObject = 35D1C9632B73DF950029E2A5 /* Project object */;
}
