// !$*UTF8*$!
{
	archiveVersion = 1;
	classes = {
	};
	objectVersion = 56;
	objects = {

/* Begin PBXBuildFile section */
		350D09622B110DDC0025D0FE /* AppDelegate.swift in Sources */ = {isa = PBXBuildFile; fileRef = 350D09612B110DDC0025D0FE /* AppDelegate.swift */; };
		350D09642B110DDC0025D0FE /* SceneDelegate.swift in Sources */ = {isa = PBXBuildFile; fileRef = 350D09632B110DDC0025D0FE /* SceneDelegate.swift */; };
		350D09662B110DDC0025D0FE /* ChessBoardVC.swift in Sources */ = {isa = PBXBuildFile; fileRef = 350D09652B110DDC0025D0FE /* ChessBoardVC.swift */; };
		350D09692B110DDC0025D0FE /* Main.storyboard in Resources */ = {isa = PBXBuildFile; fileRef = 350D09672B110DDC0025D0FE /* Main.storyboard */; };
		350D096C2B110DDC0025D0FE /* Chess.xcdatamodeld in Sources */ = {isa = PBXBuildFile; fileRef = 350D096A2B110DDC0025D0FE /* Chess.xcdatamodeld */; };
		350D096E2B110DDE0025D0FE /* Assets.xcassets in Resources */ = {isa = PBXBuildFile; fileRef = 350D096D2B110DDE0025D0FE /* Assets.xcassets */; };
		350D09712B110DDE0025D0FE /* LaunchScreen.storyboard in Resources */ = {isa = PBXBuildFile; fileRef = 350D096F2B110DDE0025D0FE /* LaunchScreen.storyboard */; };
		350D097C2B110DDE0025D0FE /* ChessTests.swift in Sources */ = {isa = PBXBuildFile; fileRef = 350D097B2B110DDE0025D0FE /* ChessTests.swift */; };
		350D09862B110DDE0025D0FE /* ChessUITests.swift in Sources */ = {isa = PBXBuildFile; fileRef = 350D09852B110DDE0025D0FE /* ChessUITests.swift */; };
		350D09882B110DDE0025D0FE /* ChessUITestsLaunchTests.swift in Sources */ = {isa = PBXBuildFile; fileRef = 350D09872B110DDE0025D0FE /* ChessUITestsLaunchTests.swift */; };
		350D09982B1244530025D0FE /* ChessCell.swift in Sources */ = {isa = PBXBuildFile; fileRef = 350D09972B1244530025D0FE /* ChessCell.swift */; };
/* End PBXBuildFile section */

/* Begin PBXContainerItemProxy section */
		350D09782B110DDE0025D0FE /* PBXContainerItemProxy */ = {
			isa = PBXContainerItemProxy;
			containerPortal = 350D09562B110DDC0025D0FE /* Project object */;
			proxyType = 1;
			remoteGlobalIDString = 350D095D2B110DDC0025D0FE;
			remoteInfo = Chess;
		};
		350D09822B110DDE0025D0FE /* PBXContainerItemProxy */ = {
			isa = PBXContainerItemProxy;
			containerPortal = 350D09562B110DDC0025D0FE /* Project object */;
			proxyType = 1;
			remoteGlobalIDString = 350D095D2B110DDC0025D0FE;
			remoteInfo = Chess;
		};
/* End PBXContainerItemProxy section */

/* Begin PBXFileReference section */
		350D095E2B110DDC0025D0FE /* Chess.app */ = {isa = PBXFileReference; explicitFileType = wrapper.application; includeInIndex = 0; path = Chess.app; sourceTree = BUILT_PRODUCTS_DIR; };
		350D09612B110DDC0025D0FE /* AppDelegate.swift */ = {isa = PBXFileReference; lastKnownFileType = sourcecode.swift; path = AppDelegate.swift; sourceTree = "<group>"; };
		350D09632B110DDC0025D0FE /* SceneDelegate.swift */ = {isa = PBXFileReference; lastKnownFileType = sourcecode.swift; path = SceneDelegate.swift; sourceTree = "<group>"; };
		350D09652B110DDC0025D0FE /* ChessBoardVC.swift */ = {isa = PBXFileReference; lastKnownFileType = sourcecode.swift; path = ChessBoardVC.swift; sourceTree = "<group>"; };
		350D09682B110DDC0025D0FE /* Base */ = {isa = PBXFileReference; lastKnownFileType = file.storyboard; name = Base; path = Base.lproj/Main.storyboard; sourceTree = "<group>"; };
		350D096B2B110DDC0025D0FE /* Chess.xcdatamodel */ = {isa = PBXFileReference; lastKnownFileType = wrapper.xcdatamodel; path = Chess.xcdatamodel; sourceTree = "<group>"; };
		350D096D2B110DDE0025D0FE /* Assets.xcassets */ = {isa = PBXFileReference; lastKnownFileType = folder.assetcatalog; path = Assets.xcassets; sourceTree = "<group>"; };
		350D09702B110DDE0025D0FE /* Base */ = {isa = PBXFileReference; lastKnownFileType = file.storyboard; name = Base; path = Base.lproj/LaunchScreen.storyboard; sourceTree = "<group>"; };
		350D09722B110DDE0025D0FE /* Info.plist */ = {isa = PBXFileReference; lastKnownFileType = text.plist.xml; path = Info.plist; sourceTree = "<group>"; };
		350D09772B110DDE0025D0FE /* ChessTests.xctest */ = {isa = PBXFileReference; explicitFileType = wrapper.cfbundle; includeInIndex = 0; path = ChessTests.xctest; sourceTree = BUILT_PRODUCTS_DIR; };
		350D097B2B110DDE0025D0FE /* ChessTests.swift */ = {isa = PBXFileReference; lastKnownFileType = sourcecode.swift; path = ChessTests.swift; sourceTree = "<group>"; };
		350D09812B110DDE0025D0FE /* ChessUITests.xctest */ = {isa = PBXFileReference; explicitFileType = wrapper.cfbundle; includeInIndex = 0; path = ChessUITests.xctest; sourceTree = BUILT_PRODUCTS_DIR; };
		350D09852B110DDE0025D0FE /* ChessUITests.swift */ = {isa = PBXFileReference; lastKnownFileType = sourcecode.swift; path = ChessUITests.swift; sourceTree = "<group>"; };
		350D09872B110DDE0025D0FE /* ChessUITestsLaunchTests.swift */ = {isa = PBXFileReference; lastKnownFileType = sourcecode.swift; path = ChessUITestsLaunchTests.swift; sourceTree = "<group>"; };
		350D09972B1244530025D0FE /* ChessCell.swift */ = {isa = PBXFileReference; lastKnownFileType = sourcecode.swift; path = ChessCell.swift; sourceTree = "<group>"; };
/* End PBXFileReference section */

/* Begin PBXFrameworksBuildPhase section */
		350D095B2B110DDC0025D0FE /* Frameworks */ = {
			isa = PBXFrameworksBuildPhase;
			buildActionMask = 2147483647;
			files = (
			);
			runOnlyForDeploymentPostprocessing = 0;
		};
		350D09742B110DDE0025D0FE /* Frameworks */ = {
			isa = PBXFrameworksBuildPhase;
			buildActionMask = 2147483647;
			files = (
			);
			runOnlyForDeploymentPostprocessing = 0;
		};
		350D097E2B110DDE0025D0FE /* Frameworks */ = {
			isa = PBXFrameworksBuildPhase;
			buildActionMask = 2147483647;
			files = (
			);
			runOnlyForDeploymentPostprocessing = 0;
		};
/* End PBXFrameworksBuildPhase section */

/* Begin PBXGroup section */
		350D09552B110DDC0025D0FE = {
			isa = PBXGroup;
			children = (
				350D09602B110DDC0025D0FE /* Chess */,
				350D097A2B110DDE0025D0FE /* ChessTests */,
				350D09842B110DDE0025D0FE /* ChessUITests */,
				350D095F2B110DDC0025D0FE /* Products */,
			);
			sourceTree = "<group>";
		};
		350D095F2B110DDC0025D0FE /* Products */ = {
			isa = PBXGroup;
			children = (
				350D095E2B110DDC0025D0FE /* Chess.app */,
				350D09772B110DDE0025D0FE /* ChessTests.xctest */,
				350D09812B110DDE0025D0FE /* ChessUITests.xctest */,
			);
			name = Products;
			sourceTree = "<group>";
		};
		350D09602B110DDC0025D0FE /* Chess */ = {
			isa = PBXGroup;
			children = (
				350D09962B1242AE0025D0FE /* Controller */,
				350D09952B1242A00025D0FE /* View */,
				350D09942B1242930025D0FE /* Model */,
				350D09612B110DDC0025D0FE /* AppDelegate.swift */,
				350D09632B110DDC0025D0FE /* SceneDelegate.swift */,
				350D09672B110DDC0025D0FE /* Main.storyboard */,
				350D096D2B110DDE0025D0FE /* Assets.xcassets */,
				350D096F2B110DDE0025D0FE /* LaunchScreen.storyboard */,
				350D09722B110DDE0025D0FE /* Info.plist */,
				350D096A2B110DDC0025D0FE /* Chess.xcdatamodeld */,
			);
			path = Chess;
			sourceTree = "<group>";
		};
		350D097A2B110DDE0025D0FE /* ChessTests */ = {
			isa = PBXGroup;
			children = (
				350D097B2B110DDE0025D0FE /* ChessTests.swift */,
			);
			path = ChessTests;
			sourceTree = "<group>";
		};
		350D09842B110DDE0025D0FE /* ChessUITests */ = {
			isa = PBXGroup;
			children = (
				350D09852B110DDE0025D0FE /* ChessUITests.swift */,
				350D09872B110DDE0025D0FE /* ChessUITestsLaunchTests.swift */,
			);
			path = ChessUITests;
			sourceTree = "<group>";
		};
		350D09942B1242930025D0FE /* Model */ = {
			isa = PBXGroup;
			children = (
			);
			path = Model;
			sourceTree = "<group>";
		};
		350D09952B1242A00025D0FE /* View */ = {
			isa = PBXGroup;
			children = (
				350D09972B1244530025D0FE /* ChessCell.swift */,
			);
			path = View;
			sourceTree = "<group>";
		};
		350D09962B1242AE0025D0FE /* Controller */ = {
			isa = PBXGroup;
			children = (
				350D09652B110DDC0025D0FE /* ChessBoardVC.swift */,
			);
			path = Controller;
			sourceTree = "<group>";
		};
/* End PBXGroup section */

/* Begin PBXNativeTarget section */
		350D095D2B110DDC0025D0FE /* Chess */ = {
			isa = PBXNativeTarget;
			buildConfigurationList = 350D098B2B110DDE0025D0FE /* Build configuration list for PBXNativeTarget "Chess" */;
			buildPhases = (
				350D095A2B110DDC0025D0FE /* Sources */,
				350D095B2B110DDC0025D0FE /* Frameworks */,
				350D095C2B110DDC0025D0FE /* Resources */,
			);
			buildRules = (
			);
			dependencies = (
			);
			name = Chess;
			productName = Chess;
			productReference = 350D095E2B110DDC0025D0FE /* Chess.app */;
			productType = "com.apple.product-type.application";
		};
		350D09762B110DDE0025D0FE /* ChessTests */ = {
			isa = PBXNativeTarget;
			buildConfigurationList = 350D098E2B110DDE0025D0FE /* Build configuration list for PBXNativeTarget "ChessTests" */;
			buildPhases = (
				350D09732B110DDE0025D0FE /* Sources */,
				350D09742B110DDE0025D0FE /* Frameworks */,
				350D09752B110DDE0025D0FE /* Resources */,
			);
			buildRules = (
			);
			dependencies = (
				350D09792B110DDE0025D0FE /* PBXTargetDependency */,
			);
			name = ChessTests;
			productName = ChessTests;
			productReference = 350D09772B110DDE0025D0FE /* ChessTests.xctest */;
			productType = "com.apple.product-type.bundle.unit-test";
		};
		350D09802B110DDE0025D0FE /* ChessUITests */ = {
			isa = PBXNativeTarget;
			buildConfigurationList = 350D09912B110DDE0025D0FE /* Build configuration list for PBXNativeTarget "ChessUITests" */;
			buildPhases = (
				350D097D2B110DDE0025D0FE /* Sources */,
				350D097E2B110DDE0025D0FE /* Frameworks */,
				350D097F2B110DDE0025D0FE /* Resources */,
			);
			buildRules = (
			);
			dependencies = (
				350D09832B110DDE0025D0FE /* PBXTargetDependency */,
			);
			name = ChessUITests;
			productName = ChessUITests;
			productReference = 350D09812B110DDE0025D0FE /* ChessUITests.xctest */;
			productType = "com.apple.product-type.bundle.ui-testing";
		};
/* End PBXNativeTarget section */

/* Begin PBXProject section */
		350D09562B110DDC0025D0FE /* Project object */ = {
			isa = PBXProject;
			attributes = {
				BuildIndependentTargetsInParallel = 1;
				LastSwiftUpdateCheck = 1500;
				LastUpgradeCheck = 1500;
				TargetAttributes = {
					350D095D2B110DDC0025D0FE = {
						CreatedOnToolsVersion = 15.0.1;
					};
					350D09762B110DDE0025D0FE = {
						CreatedOnToolsVersion = 15.0.1;
						TestTargetID = 350D095D2B110DDC0025D0FE;
					};
					350D09802B110DDE0025D0FE = {
						CreatedOnToolsVersion = 15.0.1;
						TestTargetID = 350D095D2B110DDC0025D0FE;
					};
				};
			};
			buildConfigurationList = 350D09592B110DDC0025D0FE /* Build configuration list for PBXProject "Chess" */;
			compatibilityVersion = "Xcode 14.0";
			developmentRegion = en;
			hasScannedForEncodings = 0;
			knownRegions = (
				en,
				Base,
			);
			mainGroup = 350D09552B110DDC0025D0FE;
			productRefGroup = 350D095F2B110DDC0025D0FE /* Products */;
			projectDirPath = "";
			projectRoot = "";
			targets = (
				350D095D2B110DDC0025D0FE /* Chess */,
				350D09762B110DDE0025D0FE /* ChessTests */,
				350D09802B110DDE0025D0FE /* ChessUITests */,
			);
		};
/* End PBXProject section */

/* Begin PBXResourcesBuildPhase section */
		350D095C2B110DDC0025D0FE /* Resources */ = {
			isa = PBXResourcesBuildPhase;
			buildActionMask = 2147483647;
			files = (
				350D09712B110DDE0025D0FE /* LaunchScreen.storyboard in Resources */,
				350D096E2B110DDE0025D0FE /* Assets.xcassets in Resources */,
				350D09692B110DDC0025D0FE /* Main.storyboard in Resources */,
			);
			runOnlyForDeploymentPostprocessing = 0;
		};
		350D09752B110DDE0025D0FE /* Resources */ = {
			isa = PBXResourcesBuildPhase;
			buildActionMask = 2147483647;
			files = (
			);
			runOnlyForDeploymentPostprocessing = 0;
		};
		350D097F2B110DDE0025D0FE /* Resources */ = {
			isa = PBXResourcesBuildPhase;
			buildActionMask = 2147483647;
			files = (
			);
			runOnlyForDeploymentPostprocessing = 0;
		};
/* End PBXResourcesBuildPhase section */

/* Begin PBXSourcesBuildPhase section */
		350D095A2B110DDC0025D0FE /* Sources */ = {
			isa = PBXSourcesBuildPhase;
			buildActionMask = 2147483647;
			files = (
				350D096C2B110DDC0025D0FE /* Chess.xcdatamodeld in Sources */,
				350D09662B110DDC0025D0FE /* ChessBoardVC.swift in Sources */,
				350D09622B110DDC0025D0FE /* AppDelegate.swift in Sources */,
				350D09642B110DDC0025D0FE /* SceneDelegate.swift in Sources */,
				350D09982B1244530025D0FE /* ChessCell.swift in Sources */,
			);
			runOnlyForDeploymentPostprocessing = 0;
		};
		350D09732B110DDE0025D0FE /* Sources */ = {
			isa = PBXSourcesBuildPhase;
			buildActionMask = 2147483647;
			files = (
				350D097C2B110DDE0025D0FE /* ChessTests.swift in Sources */,
			);
			runOnlyForDeploymentPostprocessing = 0;
		};
		350D097D2B110DDE0025D0FE /* Sources */ = {
			isa = PBXSourcesBuildPhase;
			buildActionMask = 2147483647;
			files = (
				350D09862B110DDE0025D0FE /* ChessUITests.swift in Sources */,
				350D09882B110DDE0025D0FE /* ChessUITestsLaunchTests.swift in Sources */,
			);
			runOnlyForDeploymentPostprocessing = 0;
		};
/* End PBXSourcesBuildPhase section */

/* Begin PBXTargetDependency section */
		350D09792B110DDE0025D0FE /* PBXTargetDependency */ = {
			isa = PBXTargetDependency;
			target = 350D095D2B110DDC0025D0FE /* Chess */;
			targetProxy = 350D09782B110DDE0025D0FE /* PBXContainerItemProxy */;
		};
		350D09832B110DDE0025D0FE /* PBXTargetDependency */ = {
			isa = PBXTargetDependency;
			target = 350D095D2B110DDC0025D0FE /* Chess */;
			targetProxy = 350D09822B110DDE0025D0FE /* PBXContainerItemProxy */;
		};
/* End PBXTargetDependency section */

/* Begin PBXVariantGroup section */
		350D09672B110DDC0025D0FE /* Main.storyboard */ = {
			isa = PBXVariantGroup;
			children = (
				350D09682B110DDC0025D0FE /* Base */,
			);
			name = Main.storyboard;
			sourceTree = "<group>";
		};
		350D096F2B110DDE0025D0FE /* LaunchScreen.storyboard */ = {
			isa = PBXVariantGroup;
			children = (
				350D09702B110DDE0025D0FE /* Base */,
			);
			name = LaunchScreen.storyboard;
			sourceTree = "<group>";
		};
/* End PBXVariantGroup section */

/* Begin XCBuildConfiguration section */
		350D09892B110DDE0025D0FE /* Debug */ = {
			isa = XCBuildConfiguration;
			buildSettings = {
				ALWAYS_SEARCH_USER_PATHS = NO;
				ASSETCATALOG_COMPILER_GENERATE_SWIFT_ASSET_SYMBOL_EXTENSIONS = YES;
				CLANG_ANALYZER_NONNULL = YES;
				CLANG_ANALYZER_NUMBER_OBJECT_CONVERSION = YES_AGGRESSIVE;
				CLANG_CXX_LANGUAGE_STANDARD = "gnu++20";
				CLANG_ENABLE_MODULES = YES;
				CLANG_ENABLE_OBJC_ARC = YES;
				CLANG_ENABLE_OBJC_WEAK = YES;
				CLANG_WARN_BLOCK_CAPTURE_AUTORELEASING = YES;
				CLANG_WARN_BOOL_CONVERSION = YES;
				CLANG_WARN_COMMA = YES;
				CLANG_WARN_CONSTANT_CONVERSION = YES;
				CLANG_WARN_DEPRECATED_OBJC_IMPLEMENTATIONS = YES;
				CLANG_WARN_DIRECT_OBJC_ISA_USAGE = YES_ERROR;
				CLANG_WARN_DOCUMENTATION_COMMENTS = YES;
				CLANG_WARN_EMPTY_BODY = YES;
				CLANG_WARN_ENUM_CONVERSION = YES;
				CLANG_WARN_INFINITE_RECURSION = YES;
				CLANG_WARN_INT_CONVERSION = YES;
				CLANG_WARN_NON_LITERAL_NULL_CONVERSION = YES;
				CLANG_WARN_OBJC_IMPLICIT_RETAIN_SELF = YES;
				CLANG_WARN_OBJC_LITERAL_CONVERSION = YES;
				CLANG_WARN_OBJC_ROOT_CLASS = YES_ERROR;
				CLANG_WARN_QUOTED_INCLUDE_IN_FRAMEWORK_HEADER = YES;
				CLANG_WARN_RANGE_LOOP_ANALYSIS = YES;
				CLANG_WARN_STRICT_PROTOTYPES = YES;
				CLANG_WARN_SUSPICIOUS_MOVE = YES;
				CLANG_WARN_UNGUARDED_AVAILABILITY = YES_AGGRESSIVE;
				CLANG_WARN_UNREACHABLE_CODE = YES;
				CLANG_WARN__DUPLICATE_METHOD_MATCH = YES;
				COPY_PHASE_STRIP = NO;
				DEBUG_INFORMATION_FORMAT = dwarf;
				ENABLE_STRICT_OBJC_MSGSEND = YES;
				ENABLE_TESTABILITY = YES;
				ENABLE_USER_SCRIPT_SANDBOXING = YES;
				GCC_C_LANGUAGE_STANDARD = gnu17;
				GCC_DYNAMIC_NO_PIC = NO;
				GCC_NO_COMMON_BLOCKS = YES;
				GCC_OPTIMIZATION_LEVEL = 0;
				GCC_PREPROCESSOR_DEFINITIONS = (
					"DEBUG=1",
					"$(inherited)",
				);
				GCC_WARN_64_TO_32_BIT_CONVERSION = YES;
				GCC_WARN_ABOUT_RETURN_TYPE = YES_ERROR;
				GCC_WARN_UNDECLARED_SELECTOR = YES;
				GCC_WARN_UNINITIALIZED_AUTOS = YES_AGGRESSIVE;
				GCC_WARN_UNUSED_FUNCTION = YES;
				GCC_WARN_UNUSED_VARIABLE = YES;
				IPHONEOS_DEPLOYMENT_TARGET = 17.0;
				LOCALIZATION_PREFERS_STRING_CATALOGS = YES;
				MTL_ENABLE_DEBUG_INFO = INCLUDE_SOURCE;
				MTL_FAST_MATH = YES;
				ONLY_ACTIVE_ARCH = YES;
				SDKROOT = iphoneos;
				SWIFT_ACTIVE_COMPILATION_CONDITIONS = "DEBUG $(inherited)";
				SWIFT_OPTIMIZATION_LEVEL = "-Onone";
			};
			name = Debug;
		};
		350D098A2B110DDE0025D0FE /* Release */ = {
			isa = XCBuildConfiguration;
			buildSettings = {
				ALWAYS_SEARCH_USER_PATHS = NO;
				ASSETCATALOG_COMPILER_GENERATE_SWIFT_ASSET_SYMBOL_EXTENSIONS = YES;
				CLANG_ANALYZER_NONNULL = YES;
				CLANG_ANALYZER_NUMBER_OBJECT_CONVERSION = YES_AGGRESSIVE;
				CLANG_CXX_LANGUAGE_STANDARD = "gnu++20";
				CLANG_ENABLE_MODULES = YES;
				CLANG_ENABLE_OBJC_ARC = YES;
				CLANG_ENABLE_OBJC_WEAK = YES;
				CLANG_WARN_BLOCK_CAPTURE_AUTORELEASING = YES;
				CLANG_WARN_BOOL_CONVERSION = YES;
				CLANG_WARN_COMMA = YES;
				CLANG_WARN_CONSTANT_CONVERSION = YES;
				CLANG_WARN_DEPRECATED_OBJC_IMPLEMENTATIONS = YES;
				CLANG_WARN_DIRECT_OBJC_ISA_USAGE = YES_ERROR;
				CLANG_WARN_DOCUMENTATION_COMMENTS = YES;
				CLANG_WARN_EMPTY_BODY = YES;
				CLANG_WARN_ENUM_CONVERSION = YES;
				CLANG_WARN_INFINITE_RECURSION = YES;
				CLANG_WARN_INT_CONVERSION = YES;
				CLANG_WARN_NON_LITERAL_NULL_CONVERSION = YES;
				CLANG_WARN_OBJC_IMPLICIT_RETAIN_SELF = YES;
				CLANG_WARN_OBJC_LITERAL_CONVERSION = YES;
				CLANG_WARN_OBJC_ROOT_CLASS = YES_ERROR;
				CLANG_WARN_QUOTED_INCLUDE_IN_FRAMEWORK_HEADER = YES;
				CLANG_WARN_RANGE_LOOP_ANALYSIS = YES;
				CLANG_WARN_STRICT_PROTOTYPES = YES;
				CLANG_WARN_SUSPICIOUS_MOVE = YES;
				CLANG_WARN_UNGUARDED_AVAILABILITY = YES_AGGRESSIVE;
				CLANG_WARN_UNREACHABLE_CODE = YES;
				CLANG_WARN__DUPLICATE_METHOD_MATCH = YES;
				COPY_PHASE_STRIP = NO;
				DEBUG_INFORMATION_FORMAT = "dwarf-with-dsym";
				ENABLE_NS_ASSERTIONS = NO;
				ENABLE_STRICT_OBJC_MSGSEND = YES;
				ENABLE_USER_SCRIPT_SANDBOXING = YES;
				GCC_C_LANGUAGE_STANDARD = gnu17;
				GCC_NO_COMMON_BLOCKS = YES;
				GCC_WARN_64_TO_32_BIT_CONVERSION = YES;
				GCC_WARN_ABOUT_RETURN_TYPE = YES_ERROR;
				GCC_WARN_UNDECLARED_SELECTOR = YES;
				GCC_WARN_UNINITIALIZED_AUTOS = YES_AGGRESSIVE;
				GCC_WARN_UNUSED_FUNCTION = YES;
				GCC_WARN_UNUSED_VARIABLE = YES;
				IPHONEOS_DEPLOYMENT_TARGET = 17.0;
				LOCALIZATION_PREFERS_STRING_CATALOGS = YES;
				MTL_ENABLE_DEBUG_INFO = NO;
				MTL_FAST_MATH = YES;
				SDKROOT = iphoneos;
				SWIFT_COMPILATION_MODE = wholemodule;
				VALIDATE_PRODUCT = YES;
			};
			name = Release;
		};
		350D098C2B110DDE0025D0FE /* Debug */ = {
			isa = XCBuildConfiguration;
			buildSettings = {
				ASSETCATALOG_COMPILER_APPICON_NAME = AppIcon;
				ASSETCATALOG_COMPILER_GLOBAL_ACCENT_COLOR_NAME = AccentColor;
				CODE_SIGN_STYLE = Automatic;
				CURRENT_PROJECT_VERSION = 1;
				DEVELOPMENT_TEAM = UZWFQJ3AAN;
				GENERATE_INFOPLIST_FILE = YES;
				INFOPLIST_FILE = Chess/Info.plist;
				INFOPLIST_KEY_UIApplicationSupportsIndirectInputEvents = YES;
				INFOPLIST_KEY_UILaunchStoryboardName = LaunchScreen;
				INFOPLIST_KEY_UIMainStoryboardFile = Main;
				INFOPLIST_KEY_UISupportedInterfaceOrientations_iPad = "UIInterfaceOrientationPortrait UIInterfaceOrientationPortraitUpsideDown UIInterfaceOrientationLandscapeLeft UIInterfaceOrientationLandscapeRight";
				INFOPLIST_KEY_UISupportedInterfaceOrientations_iPhone = "UIInterfaceOrientationPortrait UIInterfaceOrientationLandscapeLeft UIInterfaceOrientationLandscapeRight";
				LD_RUNPATH_SEARCH_PATHS = (
					"$(inherited)",
					"@executable_path/Frameworks",
				);
				MARKETING_VERSION = 1.0;
				PRODUCT_BUNDLE_IDENTIFIER = com.metevesek.Chess;
				PRODUCT_NAME = "$(TARGET_NAME)";
				SWIFT_EMIT_LOC_STRINGS = YES;
				SWIFT_VERSION = 5.0;
				TARGETED_DEVICE_FAMILY = "1,2";
			};
			name = Debug;
		};
		350D098D2B110DDE0025D0FE /* Release */ = {
			isa = XCBuildConfiguration;
			buildSettings = {
				ASSETCATALOG_COMPILER_APPICON_NAME = AppIcon;
				ASSETCATALOG_COMPILER_GLOBAL_ACCENT_COLOR_NAME = AccentColor;
				CODE_SIGN_STYLE = Automatic;
				CURRENT_PROJECT_VERSION = 1;
				DEVELOPMENT_TEAM = UZWFQJ3AAN;
				GENERATE_INFOPLIST_FILE = YES;
				INFOPLIST_FILE = Chess/Info.plist;
				INFOPLIST_KEY_UIApplicationSupportsIndirectInputEvents = YES;
				INFOPLIST_KEY_UILaunchStoryboardName = LaunchScreen;
				INFOPLIST_KEY_UIMainStoryboardFile = Main;
				INFOPLIST_KEY_UISupportedInterfaceOrientations_iPad = "UIInterfaceOrientationPortrait UIInterfaceOrientationPortraitUpsideDown UIInterfaceOrientationLandscapeLeft UIInterfaceOrientationLandscapeRight";
				INFOPLIST_KEY_UISupportedInterfaceOrientations_iPhone = "UIInterfaceOrientationPortrait UIInterfaceOrientationLandscapeLeft UIInterfaceOrientationLandscapeRight";
				LD_RUNPATH_SEARCH_PATHS = (
					"$(inherited)",
					"@executable_path/Frameworks",
				);
				MARKETING_VERSION = 1.0;
				PRODUCT_BUNDLE_IDENTIFIER = com.metevesek.Chess;
				PRODUCT_NAME = "$(TARGET_NAME)";
				SWIFT_EMIT_LOC_STRINGS = YES;
				SWIFT_VERSION = 5.0;
				TARGETED_DEVICE_FAMILY = "1,2";
			};
			name = Release;
		};
		350D098F2B110DDE0025D0FE /* Debug */ = {
			isa = XCBuildConfiguration;
			buildSettings = {
				ALWAYS_EMBED_SWIFT_STANDARD_LIBRARIES = YES;
				BUNDLE_LOADER = "$(TEST_HOST)";
				CODE_SIGN_STYLE = Automatic;
				CURRENT_PROJECT_VERSION = 1;
				DEVELOPMENT_TEAM = UZWFQJ3AAN;
				GENERATE_INFOPLIST_FILE = YES;
				IPHONEOS_DEPLOYMENT_TARGET = 17.0;
				MARKETING_VERSION = 1.0;
				PRODUCT_BUNDLE_IDENTIFIER = com.metevesek.ChessTests;
				PRODUCT_NAME = "$(TARGET_NAME)";
				SWIFT_EMIT_LOC_STRINGS = NO;
				SWIFT_VERSION = 5.0;
				TARGETED_DEVICE_FAMILY = "1,2";
				TEST_HOST = "$(BUILT_PRODUCTS_DIR)/Chess.app/$(BUNDLE_EXECUTABLE_FOLDER_PATH)/Chess";
			};
			name = Debug;
		};
		350D09902B110DDE0025D0FE /* Release */ = {
			isa = XCBuildConfiguration;
			buildSettings = {
				ALWAYS_EMBED_SWIFT_STANDARD_LIBRARIES = YES;
				BUNDLE_LOADER = "$(TEST_HOST)";
				CODE_SIGN_STYLE = Automatic;
				CURRENT_PROJECT_VERSION = 1;
				DEVELOPMENT_TEAM = UZWFQJ3AAN;
				GENERATE_INFOPLIST_FILE = YES;
				IPHONEOS_DEPLOYMENT_TARGET = 17.0;
				MARKETING_VERSION = 1.0;
				PRODUCT_BUNDLE_IDENTIFIER = com.metevesek.ChessTests;
				PRODUCT_NAME = "$(TARGET_NAME)";
				SWIFT_EMIT_LOC_STRINGS = NO;
				SWIFT_VERSION = 5.0;
				TARGETED_DEVICE_FAMILY = "1,2";
				TEST_HOST = "$(BUILT_PRODUCTS_DIR)/Chess.app/$(BUNDLE_EXECUTABLE_FOLDER_PATH)/Chess";
			};
			name = Release;
		};
		350D09922B110DDE0025D0FE /* Debug */ = {
			isa = XCBuildConfiguration;
			buildSettings = {
				ALWAYS_EMBED_SWIFT_STANDARD_LIBRARIES = YES;
				CODE_SIGN_STYLE = Automatic;
				CURRENT_PROJECT_VERSION = 1;
				DEVELOPMENT_TEAM = UZWFQJ3AAN;
				GENERATE_INFOPLIST_FILE = YES;
				MARKETING_VERSION = 1.0;
				PRODUCT_BUNDLE_IDENTIFIER = com.metevesek.ChessUITests;
				PRODUCT_NAME = "$(TARGET_NAME)";
				SWIFT_EMIT_LOC_STRINGS = NO;
				SWIFT_VERSION = 5.0;
				TARGETED_DEVICE_FAMILY = "1,2";
				TEST_TARGET_NAME = Chess;
			};
			name = Debug;
		};
		350D09932B110DDE0025D0FE /* Release */ = {
			isa = XCBuildConfiguration;
			buildSettings = {
				ALWAYS_EMBED_SWIFT_STANDARD_LIBRARIES = YES;
				CODE_SIGN_STYLE = Automatic;
				CURRENT_PROJECT_VERSION = 1;
				DEVELOPMENT_TEAM = UZWFQJ3AAN;
				GENERATE_INFOPLIST_FILE = YES;
				MARKETING_VERSION = 1.0;
				PRODUCT_BUNDLE_IDENTIFIER = com.metevesek.ChessUITests;
				PRODUCT_NAME = "$(TARGET_NAME)";
				SWIFT_EMIT_LOC_STRINGS = NO;
				SWIFT_VERSION = 5.0;
				TARGETED_DEVICE_FAMILY = "1,2";
				TEST_TARGET_NAME = Chess;
			};
			name = Release;
		};
/* End XCBuildConfiguration section */

/* Begin XCConfigurationList section */
		350D09592B110DDC0025D0FE /* Build configuration list for PBXProject "Chess" */ = {
			isa = XCConfigurationList;
			buildConfigurations = (
				350D09892B110DDE0025D0FE /* Debug */,
				350D098A2B110DDE0025D0FE /* Release */,
			);
			defaultConfigurationIsVisible = 0;
			defaultConfigurationName = Release;
		};
		350D098B2B110DDE0025D0FE /* Build configuration list for PBXNativeTarget "Chess" */ = {
			isa = XCConfigurationList;
			buildConfigurations = (
				350D098C2B110DDE0025D0FE /* Debug */,
				350D098D2B110DDE0025D0FE /* Release */,
			);
			defaultConfigurationIsVisible = 0;
			defaultConfigurationName = Release;
		};
		350D098E2B110DDE0025D0FE /* Build configuration list for PBXNativeTarget "ChessTests" */ = {
			isa = XCConfigurationList;
			buildConfigurations = (
				350D098F2B110DDE0025D0FE /* Debug */,
				350D09902B110DDE0025D0FE /* Release */,
			);
			defaultConfigurationIsVisible = 0;
			defaultConfigurationName = Release;
		};
		350D09912B110DDE0025D0FE /* Build configuration list for PBXNativeTarget "ChessUITests" */ = {
			isa = XCConfigurationList;
			buildConfigurations = (
				350D09922B110DDE0025D0FE /* Debug */,
				350D09932B110DDE0025D0FE /* Release */,
			);
			defaultConfigurationIsVisible = 0;
			defaultConfigurationName = Release;
		};
/* End XCConfigurationList section */

/* Begin XCVersionGroup section */
		350D096A2B110DDC0025D0FE /* Chess.xcdatamodeld */ = {
			isa = XCVersionGroup;
			children = (
				350D096B2B110DDC0025D0FE /* Chess.xcdatamodel */,
			);
			currentVersion = 350D096B2B110DDC0025D0FE /* Chess.xcdatamodel */;
			path = Chess.xcdatamodeld;
			sourceTree = "<group>";
			versionGroupType = wrapper.xcdatamodel;
		};
/* End XCVersionGroup section */
	};
	rootObject = 350D09562B110DDC0025D0FE /* Project object */;
}
